
Microsoft Visual Studio Solution File, Format Version 12.00
# Visual Studio 14
VisualStudioVersion = 14.0.25420.1
MinimumVisualStudioVersion = 10.0.40219.1
Project("{FAE04EC0-301F-11D3-BF4B-00C04F79EFBC}") = "Grace", "Grace\Grace.csproj", "{D0E663DA-4031-4049-B50A-513D2B90ABF8}"
EndProject
Project("{FAE04EC0-301F-11D3-BF4B-00C04F79EFBC}") = "Grace.Window", "Grace.Window\Grace.Window.csproj", "{2304624C-4F74-41BB-A83C-CBF5F53F2801}"
EndProject
Global
	GlobalSection(SolutionConfigurationPlatforms) = preSolution
		Debug|Any CPU = Debug|Any CPU
		Release|Any CPU = Release|Any CPU
	EndGlobalSection
	GlobalSection(ProjectConfigurationPlatforms) = postSolution
		{D0E663DA-4031-4049-B50A-513D2B90ABF8}.Debug|Any CPU.ActiveCfg = Debug|Any CPU
		{D0E663DA-4031-4049-B50A-513D2B90ABF8}.Debug|Any CPU.Build.0 = Debug|Any CPU
		{D0E663DA-4031-4049-B50A-513D2B90ABF8}.Release|Any CPU.ActiveCfg = Release|Any CPU
		{D0E663DA-4031-4049-B50A-513D2B90ABF8}.Release|Any CPU.Build.0 = Release|Any CPU
		{2304624C-4F74-41BB-A83C-CBF5F53F2801}.Debug|Any CPU.ActiveCfg = Debug|Any CPU
		{2304624C-4F74-41BB-A83C-CBF5F53F2801}.Debug|Any CPU.Build.0 = Debug|Any CPU
		{2304624C-4F74-41BB-A83C-CBF5F53F2801}.Release|Any CPU.ActiveCfg = Release|Any CPU
		{2304624C-4F74-41BB-A83C-CBF5F53F2801}.Release|Any CPU.Build.0 = Release|Any CPU
	EndGlobalSection
	GlobalSection(SolutionProperties) = preSolution
		HideSolutionNode = FALSE
	EndGlobalSection
EndGlobal
